
Microsoft Visual Studio Solution File, Format Version 12.00
# Visual Studio Version 16
VisualStudioVersion = 16.0.30114.105
MinimumVisualStudioVersion = 10.0.40219.1
Project("{FAE04EC0-301F-11D3-BF4B-00C04F79EFBC}") = "API", "API\API.csproj", "{C09329A1-404C-4A45-A7EC-D61B2C1CCBFE}"
EndProject
Project("{FAE04EC0-301F-11D3-BF4B-00C04F79EFBC}") = "Application", "Application\Application.csproj", "{6FF4390E-E340-4B56-9ACF-E68D618B58C7}"
EndProject
Project("{FAE04EC0-301F-11D3-BF4B-00C04F79EFBC}") = "Domain", "Domain\Domain.csproj", "{C5B11731-5552-4462-9DAD-ADFF34EAB360}"
EndProject
Project("{FAE04EC0-301F-11D3-BF4B-00C04F79EFBC}") = "Persistence", "Persistence\Persistence.csproj", "{89E6936A-1AFD-4AC6-AA70-41F7D691512C}"
EndProject
Global
	GlobalSection(SolutionConfigurationPlatforms) = preSolution
		Debug|Any CPU = Debug|Any CPU
		Debug|x64 = Debug|x64
		Debug|x86 = Debug|x86
		Release|Any CPU = Release|Any CPU
		Release|x64 = Release|x64
		Release|x86 = Release|x86
	EndGlobalSection
	GlobalSection(SolutionProperties) = preSolution
		HideSolutionNode = FALSE
	EndGlobalSection
	GlobalSection(ProjectConfigurationPlatforms) = postSolution
		{C09329A1-404C-4A45-A7EC-D61B2C1CCBFE}.Debug|Any CPU.ActiveCfg = Debug|Any CPU
		{C09329A1-404C-4A45-A7EC-D61B2C1CCBFE}.Debug|Any CPU.Build.0 = Debug|Any CPU
		{C09329A1-404C-4A45-A7EC-D61B2C1CCBFE}.Debug|x64.ActiveCfg = Debug|Any CPU
		{C09329A1-404C-4A45-A7EC-D61B2C1CCBFE}.Debug|x64.Build.0 = Debug|Any CPU
		{C09329A1-404C-4A45-A7EC-D61B2C1CCBFE}.Debug|x86.ActiveCfg = Debug|Any CPU
		{C09329A1-404C-4A45-A7EC-D61B2C1CCBFE}.Debug|x86.Build.0 = Debug|Any CPU
		{C09329A1-404C-4A45-A7EC-D61B2C1CCBFE}.Release|Any CPU.ActiveCfg = Release|Any CPU
		{C09329A1-404C-4A45-A7EC-D61B2C1CCBFE}.Release|Any CPU.Build.0 = Release|Any CPU
		{C09329A1-404C-4A45-A7EC-D61B2C1CCBFE}.Release|x64.ActiveCfg = Release|Any CPU
		{C09329A1-404C-4A45-A7EC-D61B2C1CCBFE}.Release|x64.Build.0 = Release|Any CPU
		{C09329A1-404C-4A45-A7EC-D61B2C1CCBFE}.Release|x86.ActiveCfg = Release|Any CPU
		{C09329A1-404C-4A45-A7EC-D61B2C1CCBFE}.Release|x86.Build.0 = Release|Any CPU
		{6FF4390E-E340-4B56-9ACF-E68D618B58C7}.Debug|Any CPU.ActiveCfg = Debug|Any CPU
		{6FF4390E-E340-4B56-9ACF-E68D618B58C7}.Debug|Any CPU.Build.0 = Debug|Any CPU
		{6FF4390E-E340-4B56-9ACF-E68D618B58C7}.Debug|x64.ActiveCfg = Debug|Any CPU
		{6FF4390E-E340-4B56-9ACF-E68D618B58C7}.Debug|x64.Build.0 = Debug|Any CPU
		{6FF4390E-E340-4B56-9ACF-E68D618B58C7}.Debug|x86.ActiveCfg = Debug|Any CPU
		{6FF4390E-E340-4B56-9ACF-E68D618B58C7}.Debug|x86.Build.0 = Debug|Any CPU
		{6FF4390E-E340-4B56-9ACF-E68D618B58C7}.Release|Any CPU.ActiveCfg = Release|Any CPU
		{6FF4390E-E340-4B56-9ACF-E68D618B58C7}.Release|Any CPU.Build.0 = Release|Any CPU
		{6FF4390E-E340-4B56-9ACF-E68D618B58C7}.Release|x64.ActiveCfg = Release|Any CPU
		{6FF4390E-E340-4B56-9ACF-E68D618B58C7}.Release|x64.Build.0 = Release|Any CPU
		{6FF4390E-E340-4B56-9ACF-E68D618B58C7}.Release|x86.ActiveCfg = Release|Any CPU
		{6FF4390E-E340-4B56-9ACF-E68D618B58C7}.Release|x86.Build.0 = Release|Any CPU
		{C5B11731-5552-4462-9DAD-ADFF34EAB360}.Debug|Any CPU.ActiveCfg = Debug|Any CPU
		{C5B11731-5552-4462-9DAD-ADFF34EAB360}.Debug|Any CPU.Build.0 = Debug|Any CPU
		{C5B11731-5552-4462-9DAD-ADFF34EAB360}.Debug|x64.ActiveCfg = Debug|Any CPU
		{C5B11731-5552-4462-9DAD-ADFF34EAB360}.Debug|x64.Build.0 = Debug|Any CPU
		{C5B11731-5552-4462-9DAD-ADFF34EAB360}.Debug|x86.ActiveCfg = Debug|Any CPU
		{C5B11731-5552-4462-9DAD-ADFF34EAB360}.Debug|x86.Build.0 = Debug|Any CPU
		{C5B11731-5552-4462-9DAD-ADFF34EAB360}.Release|Any CPU.ActiveCfg = Release|Any CPU
		{C5B11731-5552-4462-9DAD-ADFF34EAB360}.Release|Any CPU.Build.0 = Release|Any CPU
		{C5B11731-5552-4462-9DAD-ADFF34EAB360}.Release|x64.ActiveCfg = Release|Any CPU
		{C5B11731-5552-4462-9DAD-ADFF34EAB360}.Release|x64.Build.0 = Release|Any CPU
		{C5B11731-5552-4462-9DAD-ADFF34EAB360}.Release|x86.ActiveCfg = Release|Any CPU
		{C5B11731-5552-4462-9DAD-ADFF34EAB360}.Release|x86.Build.0 = Release|Any CPU
		{89E6936A-1AFD-4AC6-AA70-41F7D691512C}.Debug|Any CPU.ActiveCfg = Debug|Any CPU
		{89E6936A-1AFD-4AC6-AA70-41F7D691512C}.Debug|Any CPU.Build.0 = Debug|Any CPU
		{89E6936A-1AFD-4AC6-AA70-41F7D691512C}.Debug|x64.ActiveCfg = Debug|Any CPU
		{89E6936A-1AFD-4AC6-AA70-41F7D691512C}.Debug|x64.Build.0 = Debug|Any CPU
		{89E6936A-1AFD-4AC6-AA70-41F7D691512C}.Debug|x86.ActiveCfg = Debug|Any CPU
		{89E6936A-1AFD-4AC6-AA70-41F7D691512C}.Debug|x86.Build.0 = Debug|Any CPU
		{89E6936A-1AFD-4AC6-AA70-41F7D691512C}.Release|Any CPU.ActiveCfg = Release|Any CPU
		{89E6936A-1AFD-4AC6-AA70-41F7D691512C}.Release|Any CPU.Build.0 = Release|Any CPU
		{89E6936A-1AFD-4AC6-AA70-41F7D691512C}.Release|x64.ActiveCfg = Release|Any CPU
		{89E6936A-1AFD-4AC6-AA70-41F7D691512C}.Release|x64.Build.0 = Release|Any CPU
		{89E6936A-1AFD-4AC6-AA70-41F7D691512C}.Release|x86.ActiveCfg = Release|Any CPU
		{89E6936A-1AFD-4AC6-AA70-41F7D691512C}.Release|x86.Build.0 = Release|Any CPU
	EndGlobalSection
EndGlobal
